github.com/antlr4-go/antlr v0.0.0-20230518091524-98b52378c522 h1:o+W7GDFUwWtVkN28CW/nhh/aCmHn6OJddUs3+8vMMjs=
github.com/antlr4-go/antlr v0.0.0-20230518091524-98b52378c522/go.mod h1:srLVvW4JLxy+tCG9Nn2l8al77mUIMCwAOLQocfLDU2w=
golang.org/x/exp v0.0.0-20230626212559-97b1e661b5df h1:UA2aFVmmsIlefxMk29Dp2juaUSth8Pyn3Tq5Y5mJGME=
golang.org/x/exp v0.0.0-20230626212559-97b1e661b5df/go.mod h1:FXUEEKJgO7OQYeo8N01OfiKP8RXMtf6e8aTskBGqWdc=
